github.com/gorilla/mux v1.7.1 h1:Dw4jY2nghMMRsh1ol8dv1axHkDwMQK2DHerMNJsIpJU=
github.com/gorilla/mux v1.7.1/go.mod h1:1lud6UwP+6orDFRuTfBEV8e9/aOM/c4fVVCaMa2zaAs=
github.com/timehop/golog v0.0.0-20171219220921-cbf2afa06faa h1:XmauaQKjqFdruqQn3i1ZLROecSxcTncTEnweyZjMNAw=
github.com/timehop/golog v0.0.0-20171219220921-cbf2afa06faa/go.mod h1:5snQTM41D/oFFJvpy4wLBsYt9HgGJ8bL8F8dgmtt13E=
